
Microsoft Visual Studio Solution File, Format Version 12.00
# Visual Studio Version 18
VisualStudioVersion = 18.8.11904.113
MinimumVisualStudioVersion = 10.0.40219.1
Project("{8BC9CEB8-8B4A-11D0-8D11-00A0C91BC942}") = "FirstConsoleApplication", "FirstConsoleApplication\FirstConsoleApplication.vcxproj", "{403EED5E-0FD4-4027-B40C-6B0B5B632FCC}"
EndProject
Project("{8BC9CEB8-8B4A-11D0-8D11-00A0C91BC942}") = "VariableConsoleApplication", "VariableConsoleApplication\VariableConsoleApplication.vcxproj", "{82676755-815D-4536-998C-FF1523D995F8}"
EndProject
Project("{2150E333-8FDC-42A3-9474-1A3956D46DE8}") = "01. Podstawy", "01. Podstawy", "{2791BD70-7BEF-482C-AA02-B657B0241100}"
EndProject
Project("{2150E333-8FDC-42A3-9474-1A3956D46DE8}") = "02. Instrukcje decyzyjne", "02. Instrukcje decyzyjne", "{653DF6B4-0FA2-4631-AC94-0836BD2F63A0}"
EndProject
Project("{8BC9CEB8-8B4A-11D0-8D11-00A0C91BC942}") = "InstructionIfConsoleApplication", "InstructionIfConsoleApplication\InstructionIfConsoleApplication.vcxproj", "{9347B1C0-0049-4A03-90BE-AB5048446826}"
EndProject
Project("{8BC9CEB8-8B4A-11D0-8D11-00A0C91BC942}") = "LoopDoWhileConsoleApplication", "LoopDoWhileConsoleApplication\LoopDoWhileConsoleApplication.vcxproj", "{7F651422-672D-406A-8518-1A4A75A5EF79}"
EndProject
Project("{8BC9CEB8-8B4A-11D0-8D11-00A0C91BC942}") = "LoopWhileConsoleApplication", "LoopWhileConsoleApplication\LoopWhileConsoleApplication.vcxproj", "{404AC7D7-70FC-4040-AF71-A7502089F7BA}"
EndProject
Project("{8BC9CEB8-8B4A-11D0-8D11-00A0C91BC942}") = "LoopForConsoleApplication", "LoopForConsoleApplication\LoopForConsoleApplication.vcxproj", "{A18E0250-0072-4B0A-B6D9-F493D60E593E}"
EndProject
Project("{2150E333-8FDC-42A3-9474-1A3956D46DE8}") = "03. Kolekcje", "03. Kolekcje", "{0E0445FC-DFDA-46DA-B155-F8FA4C23C151}"
EndProject
Project("{8BC9CEB8-8B4A-11D0-8D11-00A0C91BC942}") = "CharactersConsoleApplication", "CharactersConsoleApplication\CharactersConsoleApplication.vcxproj", "{80E860F2-1687-4C2E-A364-9ED0798FF259}"
EndProject
Project("{8BC9CEB8-8B4A-11D0-8D11-00A0C91BC942}") = "ArrayConsoleApplication", "ArrayConsoleApplication\ArrayConsoleApplication.vcxproj", "{609D8A9F-99F7-4D5C-BD68-FB3BACA8D2A5}"
EndProject
Project("{2150E333-8FDC-42A3-9474-1A3956D46DE8}") = "04. Funkcje", "04. Funkcje", "{E84FC0B8-7ABA-4716-A8D8-EEB23D23447E}"
EndProject
Project("{8BC9CEB8-8B4A-11D0-8D11-00A0C91BC942}") = "FunctionConsoleApplication", "FunctionConsoleApplication\FunctionConsoleApplication.vcxproj", "{F5B3801E-CE2A-40A8-AE90-543FFD85DAC6}"
EndProject
Project("{8BC9CEB8-8B4A-11D0-8D11-00A0C91BC942}") = "TicTacToeConsoleApplication", "TicTacToeConsoleApplication\TicTacToeConsoleApplication.vcxproj", "{FB74987C-35A4-43EE-AF8A-BCFBA1818D2F}"
EndProject
Project("{2150E333-8FDC-42A3-9474-1A3956D46DE8}") = "05. Wskaźniki", "05. Wskaźniki", "{6B846FC3-785E-4AC5-B55A-19FFF8382B6F}"
EndProject
Project("{8BC9CEB8-8B4A-11D0-8D11-00A0C91BC942}") = "PointersConsoleApplication", "PointersConsoleApplication\PointersConsoleApplication.vcxproj", "{5BAD07DB-45CA-4D19-9F5F-60BD2BD0ABF7}"
EndProject
Project("{2150E333-8FDC-42A3-9474-1A3956D46DE8}") = "06. Zadania", "06. Zadania", "{149862AF-FD56-4EAC-BEB2-0E1F2CBC92B0}"
EndProject
Project("{8BC9CEB8-8B4A-11D0-8D11-00A0C91BC942}") = "TasksConsoleApplication", "TasksConsoleApplication\TasksConsoleApplication.vcxproj", "{B4ACB721-EAC9-40AF-93FA-18D4E3476B10}"
EndProject
Project("{8BC9CEB8-8B4A-11D0-8D11-00A0C91BC942}") = "SnakeConsoleApplication", "SnakeConsoleApplication\SnakeConsoleApplication.vcxproj", "{B4E235D4-1BAB-4A2A-8C5F-C2955385D38D}"
EndProject
Project("{8BC9CEB8-8B4A-11D0-8D11-00A0C91BC942}") = "StarrySkyConsoleApplication", "StarrySkyConsoleApplication\StarrySkyConsoleApplication.vcxproj", "{264A3453-F443-48E0-87E1-584EE5821E93}"
EndProject
Project("{8BC9CEB8-8B4A-11D0-8D11-00A0C91BC942}") = "DrawRectangleConsoleApplication", "DrawRectangleConsoleApplication\DrawRectangleConsoleApplication.vcxproj", "{19D4BDD0-D044-46F7-AA6F-2277E7E6273D}"
EndProject
Project("{8BC9CEB8-8B4A-11D0-8D11-00A0C91BC942}") = "StopWatchConsoleApplication", "StopWatchConsoleApplication\StopWatchConsoleApplication.vcxproj", "{7D331A05-015E-4AF9-9723-E944D305134C}"
EndProject
Project("{2150E333-8FDC-42A3-9474-1A3956D46DE8}") = "Strukturalne", "Strukturalne", "{62B3624D-CE44-4DC0-AA51-5E61F5CDBF53}"
EndProject
Project("{2150E333-8FDC-42A3-9474-1A3956D46DE8}") = "Obiektowe", "Obiektowe", "{4F970918-468C-45F3-90E1-C19350BD6CD3}"
EndProject
Project("{2150E333-8FDC-42A3-9474-1A3956D46DE8}") = "01. Struktury", "01. Struktury", "{DAF8305F-D6A3-4A43-AAAF-12A9321E1CC5}"
EndProject
Project("{8BC9CEB8-8B4A-11D0-8D11-00A0C91BC942}") = "FirstStructConsoleApplication", "FirstStructConsoleApplication\FirstStructConsoleApplication.vcxproj", "{4282B02C-B280-4F31-82BC-E2BD9003CE4B}"
EndProject
Project("{2150E333-8FDC-42A3-9474-1A3956D46DE8}") = "02. Podstawy obiektów", "02. Podstawy obiektów", "{9E9780BC-3599-48E1-B724-3C27E99B0FB3}"
EndProject
Project("{8BC9CEB8-8B4A-11D0-8D11-00A0C91BC942}") = "FirstObjectConsoleApplication", "FirstObjectConsoleApplication\FirstObjectConsoleApplication.vcxproj", "{B92758D1-88FC-4C4C-BAFF-0BB3FD522C79}"
EndProject
Project("{8BC9CEB8-8B4A-11D0-8D11-00A0C91BC942}") = "ReadAndWriteInFilesConsoleApplication", "ReadAndWriteInFilesConsoleApplication\ReadAndWriteInFilesConsoleApplication.vcxproj", "{39D9AF57-6EC3-4F99-BA23-F70FF2DF43A6}"
EndProject
Project("{8BC9CEB8-8B4A-11D0-8D11-00A0C91BC942}") = "StringConsoleApplication", "StringConsoleApplication\StringConsoleApplication.vcxproj", "{4B2ADE7B-4A0E-467D-9D0A-39828ADF1D5A}"
EndProject
Project("{8BC9CEB8-8B4A-11D0-8D11-00A0C91BC942}") = "InheritanceConsoleApplication", "InheritanceConsoleApplication\InheritanceConsoleApplication.vcxproj", "{44341CB5-5F81-47D9-80C8-E4FDE35E9CAD}"
EndProject
Project("{8BC9CEB8-8B4A-11D0-8D11-00A0C91BC942}") = "GeometricFiguresConsoleApplication", "GeometricFiguresConsoleApplication\GeometricFiguresConsoleApplication.vcxproj", "{9A1B0DCF-D1D3-410D-90B0-8CB8007CE67A}"
EndProject
Project("{8BC9CEB8-8B4A-11D0-8D11-00A0C91BC942}") = "TicTacToeObjectConsoleApplication", "TicTacToeObjectConsoleApplication\TicTacToeObjectConsoleApplication.vcxproj", "{FF649025-5407-4DA5-B791-0D0E96BE9BE6}"
EndProject
Project("{2150E333-8FDC-42A3-9474-1A3956D46DE8}") = "Matura", "Matura", "{2C7982CC-E306-40D8-B982-799C1A01AEA9}"
EndProject
Project("{8BC9CEB8-8B4A-11D0-8D11-00A0C91BC942}") = "Matura2022MajConsoleApplication", "Matura2022MajConsoleApplication\Matura2022MajConsoleApplication.vcxproj", "{8C3234ED-D4E0-4C0C-9DF9-BEBBC1D41A36}"
EndProject
Project("{2150E333-8FDC-42A3-9474-1A3956D46DE8}") = "C++", "C++", "{665A739B-68CE-4288-932B-F5057F3CC3DB}"
EndProject
Project("{2150E333-8FDC-42A3-9474-1A3956D46DE8}") = "C#", "C#", "{CF40E388-E699-4E44-B6AF-9CF66E15B555}"
EndProject
Project("{FAE04EC0-301F-11D3-BF4B-00C04F79EFBC}") = "FirstConsoleApp", "FirstConsoleApp\FirstConsoleApp.csproj", "{5D605A8D-8D91-4F2F-8B32-E98A8E0FC87E}"
EndProject
Project("{FAE04EC0-301F-11D3-BF4B-00C04F79EFBC}") = "ObjectConsoleApp", "ObjectConsoleApp\ObjectConsoleApp.csproj", "{8DF9FDB0-8586-4BD2-B795-6DA465C40BF9}"
EndProject
Project("{FAE04EC0-301F-11D3-BF4B-00C04F79EFBC}") = "AboutObjectConsoleApp", "AboutObjectConsoleApp\AboutObjectConsoleApp.csproj", "{872E1F20-BEBA-4F20-935B-0062133349F8}"
EndProject
Project("{FAE04EC0-301F-11D3-BF4B-00C04F79EFBC}") = "ErrorsConsoleApp", "ErrorsConsoleApp\ErrorsConsoleApp.csproj", "{EC83EA86-E2B4-4E92-8CE8-21543E416ED8}"
EndProject
Project("{FAE04EC0-301F-11D3-BF4B-00C04F79EFBC}") = "PracticalTasksConsoleApp", "PracticalTasksConsoleApp\PracticalTasksConsoleApp.csproj", "{5EC045E1-AA64-48D7-8F4C-9EA69BFD45F2}"
EndProject
Project("{FAE04EC0-301F-11D3-BF4B-00C04F79EFBC}") = "PolymorphismConsoleApp", "PolymorphismConsoleApp\PolymorphismConsoleApp.csproj", "{5A6E98A5-4D2E-4A78-A92A-E22043AE5145}"
EndProject
Project("{FAE04EC0-301F-11D3-BF4B-00C04F79EFBC}") = "GenericTypesConsoleApp", "GenericTypesConsoleApp\GenericTypesConsoleApp.csproj", "{76F1A1C1-1FF2-44A2-B250-78FCE02F22E0}"
EndProject
Project("{FAE04EC0-301F-11D3-BF4B-00C04F79EFBC}") = "CollectionsConsoleApp", "CollectionsConsoleApp\CollectionsConsoleApp.csproj", "{F8253358-D858-46AB-BB02-60C2684FF081}"
EndProject
Project("{FAE04EC0-301F-11D3-BF4B-00C04F79EFBC}") = "LinqConsoleApp", "LinqConsoleApp\LinqConsoleApp.csproj", "{BE0E0234-EF39-4211-A14B-506B188FD815}"
EndProject
Project("{FAE04EC0-301F-11D3-BF4B-00C04F79EFBC}") = "LinqPracticalTasksConsoleApp", "LinqPracticalTasksConsoleApp\LinqPracticalTasksConsoleApp.csproj", "{3CD28C89-F57E-4FD6-9D74-C672F000D2E2}"
EndProject
Project("{FAE04EC0-301F-11D3-BF4B-00C04F79EFBC}") = "OwnCollectionConsoleApp", "OwnCollectionConsoleApp\OwnCollectionConsoleApp.csproj", "{224D7A6F-8F6B-4D10-8B2D-B085F1CF0D66}"
EndProject
Project("{2150E333-8FDC-42A3-9474-1A3956D46DE8}") = "Podstawy", "Podstawy", "{D4EC40CD-EB0D-44F6-A805-32D9F03F25DE}"
EndProject
Project("{2150E333-8FDC-42A3-9474-1A3956D46DE8}") = "MAUI", "MAUI", "{FDD26D3E-E766-4AFB-AAD5-E4A0280D0CDE}"
EndProject
Project("{2150E333-8FDC-42A3-9474-1A3956D46DE8}") = "01", "01", "{3FA634B6-C9A4-44AB-93A7-EB9A534210E0}"
EndProject
Project("{FAE04EC0-301F-11D3-BF4B-00C04F79EFBC}") = "FirstMauiApp", "FirstMauiApp\FirstMauiApp.csproj", "{3B03D8CD-9D25-4A22-9B20-027F77738C60}"
EndProject
Project("{2150E333-8FDC-42A3-9474-1A3956D46DE8}") = "02 SimpleCalculator", "02 SimpleCalculator", "{E057D52F-97AB-45D0-A3F6-B3F191E9692F}"
EndProject
Project("{FAE04EC0-301F-11D3-BF4B-00C04F79EFBC}") = "SimpleCalculatorMauiApp", "SimpleCalculatorMauiApp\SimpleCalculatorMauiApp.csproj", "{7020F223-FCBD-4C10-A4C6-1D8B8EEC6671}"
EndProject
Project("{2150E333-8FDC-42A3-9474-1A3956D46DE8}") = "03 EventVsBinding", "03 EventVsBinding", "{A02C91A2-DEAE-4E7A-899D-3193A233FCB5}"
EndProject
Project("{FAE04EC0-301F-11D3-BF4B-00C04F79EFBC}") = "EventVsBindingMauiApp", "EventVsBindingMauiApp\EventVsBindingMauiApp.csproj", "{7F3FC432-6236-4D27-B058-6C0CDB1B1E1C}"
EndProject
Project("{2150E333-8FDC-42A3-9474-1A3956D46DE8}") = "04. SimpleBindingCalculator", "04. SimpleBindingCalculator", "{D9CC4FD6-D620-4201-AD16-28C412DE92B2}"
EndProject
Project("{FAE04EC0-301F-11D3-BF4B-00C04F79EFBC}") = "SimpleBindingCalculatorMauiApp", "SimpleBindingCalculatorMauiApp\SimpleBindingCalculatorMauiApp.csproj", "{221D20F4-632D-4CD9-B25C-C5129E730A00}"
EndProject
Project("{2150E333-8FDC-42A3-9474-1A3956D46DE8}") = "05. Layouts", "05. Layouts", "{28FB0A5E-E5D6-446C-AFD5-0F4103722217}"
EndProject
Project("{FAE04EC0-301F-11D3-BF4B-00C04F79EFBC}") = "LayoutsMauiApp", "LayoutsMauiApp\LayoutsMauiApp.csproj", "{07D5AB84-0F01-4F07-B3D3-05757F6C1475}"
EndProject
Global
	GlobalSection(SolutionConfigurationPlatforms) = preSolution
		Debug|Any CPU = Debug|Any CPU
		Debug|x64 = Debug|x64
		Debug|x86 = Debug|x86
		Release|Any CPU = Release|Any CPU
		Release|x64 = Release|x64
		Release|x86 = Release|x86
	EndGlobalSection
	GlobalSection(ProjectConfigurationPlatforms) = postSolution
		{403EED5E-0FD4-4027-B40C-6B0B5B632FCC}.Debug|Any CPU.ActiveCfg = Debug|x64
		{403EED5E-0FD4-4027-B40C-6B0B5B632FCC}.Debug|Any CPU.Build.0 = Debug|x64
		{403EED5E-0FD4-4027-B40C-6B0B5B632FCC}.Debug|x64.ActiveCfg = Debug|x64
		{403EED5E-0FD4-4027-B40C-6B0B5B632FCC}.Debug|x64.Build.0 = Debug|x64
		{403EED5E-0FD4-4027-B40C-6B0B5B632FCC}.Debug|x86.ActiveCfg = Debug|Win32
		{403EED5E-0FD4-4027-B40C-6B0B5B632FCC}.Debug|x86.Build.0 = Debug|Win32
		{403EED5E-0FD4-4027-B40C-6B0B5B632FCC}.Release|Any CPU.ActiveCfg = Release|x64
		{403EED5E-0FD4-4027-B40C-6B0B5B632FCC}.Release|Any CPU.Build.0 = Release|x64
		{403EED5E-0FD4-4027-B40C-6B0B5B632FCC}.Release|x64.ActiveCfg = Release|x64
		{403EED5E-0FD4-4027-B40C-6B0B5B632FCC}.Release|x64.Build.0 = Release|x64
		{403EED5E-0FD4-4027-B40C-6B0B5B632FCC}.Release|x86.ActiveCfg = Release|Win32
		{403EED5E-0FD4-4027-B40C-6B0B5B632FCC}.Release|x86.Build.0 = Release|Win32
		{82676755-815D-4536-998C-FF1523D995F8}.Debug|Any CPU.ActiveCfg = Debug|x64
		{82676755-815D-4536-998C-FF1523D995F8}.Debug|Any CPU.Build.0 = Debug|x64
		{82676755-815D-4536-998C-FF1523D995F8}.Debug|x64.ActiveCfg = Debug|x64
		{82676755-815D-4536-998C-FF1523D995F8}.Debug|x64.Build.0 = Debug|x64
		{82676755-815D-4536-998C-FF1523D995F8}.Debug|x86.ActiveCfg = Debug|Win32
		{82676755-815D-4536-998C-FF1523D995F8}.Debug|x86.Build.0 = Debug|Win32
		{82676755-815D-4536-998C-FF1523D995F8}.Release|Any CPU.ActiveCfg = Release|x64
		{82676755-815D-4536-998C-FF1523D995F8}.Release|Any CPU.Build.0 = Release|x64
		{82676755-815D-4536-998C-FF1523D995F8}.Release|x64.ActiveCfg = Release|x64
		{82676755-815D-4536-998C-FF1523D995F8}.Release|x64.Build.0 = Release|x64
		{82676755-815D-4536-998C-FF1523D995F8}.Release|x86.ActiveCfg = Release|Win32
		{82676755-815D-4536-998C-FF1523D995F8}.Release|x86.Build.0 = Release|Win32
		{9347B1C0-0049-4A03-90BE-AB5048446826}.Debug|Any CPU.ActiveCfg = Debug|x64
		{9347B1C0-0049-4A03-90BE-AB5048446826}.Debug|Any CPU.Build.0 = Debug|x64
		{9347B1C0-0049-4A03-90BE-AB5048446826}.Debug|x64.ActiveCfg = Debug|x64
		{9347B1C0-0049-4A03-90BE-AB5048446826}.Debug|x64.Build.0 = Debug|x64
		{9347B1C0-0049-4A03-90BE-AB5048446826}.Debug|x86.ActiveCfg = Debug|Win32
		{9347B1C0-0049-4A03-90BE-AB5048446826}.Debug|x86.Build.0 = Debug|Win32
		{9347B1C0-0049-4A03-90BE-AB5048446826}.Release|Any CPU.ActiveCfg = Release|x64
		{9347B1C0-0049-4A03-90BE-AB5048446826}.Release|Any CPU.Build.0 = Release|x64
		{9347B1C0-0049-4A03-90BE-AB5048446826}.Release|x64.ActiveCfg = Release|x64
		{9347B1C0-0049-4A03-90BE-AB5048446826}.Release|x64.Build.0 = Release|x64
		{9347B1C0-0049-4A03-90BE-AB5048446826}.Release|x86.ActiveCfg = Release|Win32
		{9347B1C0-0049-4A03-90BE-AB5048446826}.Release|x86.Build.0 = Release|Win32
		{7F651422-672D-406A-8518-1A4A75A5EF79}.Debug|Any CPU.ActiveCfg = Debug|x64
		{7F651422-672D-406A-8518-1A4A75A5EF79}.Debug|Any CPU.Build.0 = Debug|x64
		{7F651422-672D-406A-8518-1A4A75A5EF79}.Debug|x64.ActiveCfg = Debug|x64
		{7F651422-672D-406A-8518-1A4A75A5EF79}.Debug|x64.Build.0 = Debug|x64
		{7F651422-672D-406A-8518-1A4A75A5EF79}.Debug|x86.ActiveCfg = Debug|Win32
		{7F651422-672D-406A-8518-1A4A75A5EF79}.Debug|x86.Build.0 = Debug|Win32
		{7F651422-672D-406A-8518-1A4A75A5EF79}.Release|Any CPU.ActiveCfg = Release|x64
		{7F651422-672D-406A-8518-1A4A75A5EF79}.Release|Any CPU.Build.0 = Release|x64
		{7F651422-672D-406A-8518-1A4A75A5EF79}.Release|x64.ActiveCfg = Release|x64
		{7F651422-672D-406A-8518-1A4A75A5EF79}.Release|x64.Build.0 = Release|x64
		{7F651422-672D-406A-8518-1A4A75A5EF79}.Release|x86.ActiveCfg = Release|Win32
		{7F651422-672D-406A-8518-1A4A75A5EF79}.Release|x86.Build.0 = Release|Win32
		{404AC7D7-70FC-4040-AF71-A7502089F7BA}.Debug|Any CPU.ActiveCfg = Debug|x64
		{404AC7D7-70FC-4040-AF71-A7502089F7BA}.Debug|Any CPU.Build.0 = Debug|x64
		{404AC7D7-70FC-4040-AF71-A7502089F7BA}.Debug|x64.ActiveCfg = Debug|x64
		{404AC7D7-70FC-4040-AF71-A7502089F7BA}.Debug|x64.Build.0 = Debug|x64
		{404AC7D7-70FC-4040-AF71-A7502089F7BA}.Debug|x86.ActiveCfg = Debug|Win32
		{404AC7D7-70FC-4040-AF71-A7502089F7BA}.Debug|x86.Build.0 = Debug|Win32
		{404AC7D7-70FC-4040-AF71-A7502089F7BA}.Release|Any CPU.ActiveCfg = Release|x64
		{404AC7D7-70FC-4040-AF71-A7502089F7BA}.Release|Any CPU.Build.0 = Release|x64
		{404AC7D7-70FC-4040-AF71-A7502089F7BA}.Release|x64.ActiveCfg = Release|x64
		{404AC7D7-70FC-4040-AF71-A7502089F7BA}.Release|x64.Build.0 = Release|x64
		{404AC7D7-70FC-4040-AF71-A7502089F7BA}.Release|x86.ActiveCfg = Release|Win32
		{404AC7D7-70FC-4040-AF71-A7502089F7BA}.Release|x86.Build.0 = Release|Win32
		{A18E0250-0072-4B0A-B6D9-F493D60E593E}.Debug|Any CPU.ActiveCfg = Debug|x64
		{A18E0250-0072-4B0A-B6D9-F493D60E593E}.Debug|Any CPU.Build.0 = Debug|x64
		{A18E0250-0072-4B0A-B6D9-F493D60E593E}.Debug|x64.ActiveCfg = Debug|x64
		{A18E0250-0072-4B0A-B6D9-F493D60E593E}.Debug|x64.Build.0 = Debug|x64
		{A18E0250-0072-4B0A-B6D9-F493D60E593E}.Debug|x86.ActiveCfg = Debug|Win32
		{A18E0250-0072-4B0A-B6D9-F493D60E593E}.Debug|x86.Build.0 = Debug|Win32
		{A18E0250-0072-4B0A-B6D9-F493D60E593E}.Release|Any CPU.ActiveCfg = Release|x64
		{A18E0250-0072-4B0A-B6D9-F493D60E593E}.Release|Any CPU.Build.0 = Release|x64
		{A18E0250-0072-4B0A-B6D9-F493D60E593E}.Release|x64.ActiveCfg = Release|x64
		{A18E0250-0072-4B0A-B6D9-F493D60E593E}.Release|x64.Build.0 = Release|x64
		{A18E0250-0072-4B0A-B6D9-F493D60E593E}.Release|x86.ActiveCfg = Release|Win32
		{A18E0250-0072-4B0A-B6D9-F493D60E593E}.Release|x86.Build.0 = Release|Win32
		{80E860F2-1687-4C2E-A364-9ED0798FF259}.Debug|Any CPU.ActiveCfg = Debug|x64
		{80E860F2-1687-4C2E-A364-9ED0798FF259}.Debug|Any CPU.Build.0 = Debug|x64
		{80E860F2-1687-4C2E-A364-9ED0798FF259}.Debug|x64.ActiveCfg = Debug|x64
		{80E860F2-1687-4C2E-A364-9ED0798FF259}.Debug|x64.Build.0 = Debug|x64
		{80E860F2-1687-4C2E-A364-9ED0798FF259}.Debug|x86.ActiveCfg = Debug|Win32
		{80E860F2-1687-4C2E-A364-9ED0798FF259}.Debug|x86.Build.0 = Debug|Win32
		{80E860F2-1687-4C2E-A364-9ED0798FF259}.Release|Any CPU.ActiveCfg = Release|x64
		{80E860F2-1687-4C2E-A364-9ED0798FF259}.Release|Any CPU.Build.0 = Release|x64
		{80E860F2-1687-4C2E-A364-9ED0798FF259}.Release|x64.ActiveCfg = Release|x64
		{80E860F2-1687-4C2E-A364-9ED0798FF259}.Release|x64.Build.0 = Release|x64
		{80E860F2-1687-4C2E-A364-9ED0798FF259}.Release|x86.ActiveCfg = Release|Win32
		{80E860F2-1687-4C2E-A364-9ED0798FF259}.Release|x86.Build.0 = Release|Win32
		{609D8A9F-99F7-4D5C-BD68-FB3BACA8D2A5}.Debug|Any CPU.ActiveCfg = Debug|x64
		{609D8A9F-99F7-4D5C-BD68-FB3BACA8D2A5}.Debug|Any CPU.Build.0 = Debug|x64
		{609D8A9F-99F7-4D5C-BD68-FB3BACA8D2A5}.Debug|x64.ActiveCfg = Debug|x64
		{609D8A9F-99F7-4D5C-BD68-FB3BACA8D2A5}.Debug|x64.Build.0 = Debug|x64
		{609D8A9F-99F7-4D5C-BD68-FB3BACA8D2A5}.Debug|x86.ActiveCfg = Debug|Win32
		{609D8A9F-99F7-4D5C-BD68-FB3BACA8D2A5}.Debug|x86.Build.0 = Debug|Win32
		{609D8A9F-99F7-4D5C-BD68-FB3BACA8D2A5}.Release|Any CPU.ActiveCfg = Release|x64
		{609D8A9F-99F7-4D5C-BD68-FB3BACA8D2A5}.Release|Any CPU.Build.0 = Release|x64
		{609D8A9F-99F7-4D5C-BD68-FB3BACA8D2A5}.Release|x64.ActiveCfg = Release|x64
		{609D8A9F-99F7-4D5C-BD68-FB3BACA8D2A5}.Release|x64.Build.0 = Release|x64
		{609D8A9F-99F7-4D5C-BD68-FB3BACA8D2A5}.Release|x86.ActiveCfg = Release|Win32
		{609D8A9F-99F7-4D5C-BD68-FB3BACA8D2A5}.Release|x86.Build.0 = Release|Win32
		{F5B3801E-CE2A-40A8-AE90-543FFD85DAC6}.Debug|Any CPU.ActiveCfg = Debug|x64
		{F5B3801E-CE2A-40A8-AE90-543FFD85DAC6}.Debug|Any CPU.Build.0 = Debug|x64
		{F5B3801E-CE2A-40A8-AE90-543FFD85DAC6}.Debug|x64.ActiveCfg = Debug|x64
		{F5B3801E-CE2A-40A8-AE90-543FFD85DAC6}.Debug|x64.Build.0 = Debug|x64
		{F5B3801E-CE2A-40A8-AE90-543FFD85DAC6}.Debug|x86.ActiveCfg = Debug|Win32
		{F5B3801E-CE2A-40A8-AE90-543FFD85DAC6}.Debug|x86.Build.0 = Debug|Win32
		{F5B3801E-CE2A-40A8-AE90-543FFD85DAC6}.Release|Any CPU.ActiveCfg = Release|x64
		{F5B3801E-CE2A-40A8-AE90-543FFD85DAC6}.Release|Any CPU.Build.0 = Release|x64
		{F5B3801E-CE2A-40A8-AE90-543FFD85DAC6}.Release|x64.ActiveCfg = Release|x64
		{F5B3801E-CE2A-40A8-AE90-543FFD85DAC6}.Release|x64.Build.0 = Release|x64
		{F5B3801E-CE2A-40A8-AE90-543FFD85DAC6}.Release|x86.ActiveCfg = Release|Win32
		{F5B3801E-CE2A-40A8-AE90-543FFD85DAC6}.Release|x86.Build.0 = Release|Win32
		{FB74987C-35A4-43EE-AF8A-BCFBA1818D2F}.Debug|Any CPU.ActiveCfg = Debug|x64
		{FB74987C-35A4-43EE-AF8A-BCFBA1818D2F}.Debug|Any CPU.Build.0 = Debug|x64
		{FB74987C-35A4-43EE-AF8A-BCFBA1818D2F}.Debug|x64.ActiveCfg = Debug|x64
		{FB74987C-35A4-43EE-AF8A-BCFBA1818D2F}.Debug|x64.Build.0 = Debug|x64
		{FB74987C-35A4-43EE-AF8A-BCFBA1818D2F}.Debug|x86.ActiveCfg = Debug|Win32
		{FB74987C-35A4-43EE-AF8A-BCFBA1818D2F}.Debug|x86.Build.0 = Debug|Win32
		{FB74987C-35A4-43EE-AF8A-BCFBA1818D2F}.Release|Any CPU.ActiveCfg = Release|x64
		{FB74987C-35A4-43EE-AF8A-BCFBA1818D2F}.Release|Any CPU.Build.0 = Release|x64
		{FB74987C-35A4-43EE-AF8A-BCFBA1818D2F}.Release|x64.ActiveCfg = Release|x64
		{FB74987C-35A4-43EE-AF8A-BCFBA1818D2F}.Release|x64.Build.0 = Release|x64
		{FB74987C-35A4-43EE-AF8A-BCFBA1818D2F}.Release|x86.ActiveCfg = Release|Win32
		{FB74987C-35A4-43EE-AF8A-BCFBA1818D2F}.Release|x86.Build.0 = Release|Win32
		{5BAD07DB-45CA-4D19-9F5F-60BD2BD0ABF7}.Debug|Any CPU.ActiveCfg = Debug|x64
		{5BAD07DB-45CA-4D19-9F5F-60BD2BD0ABF7}.Debug|Any CPU.Build.0 = Debug|x64
		{5BAD07DB-45CA-4D19-9F5F-60BD2BD0ABF7}.Debug|x64.ActiveCfg = Debug|x64
		{5BAD07DB-45CA-4D19-9F5F-60BD2BD0ABF7}.Debug|x64.Build.0 = Debug|x64
		{5BAD07DB-45CA-4D19-9F5F-60BD2BD0ABF7}.Debug|x86.ActiveCfg = Debug|Win32
		{5BAD07DB-45CA-4D19-9F5F-60BD2BD0ABF7}.Debug|x86.Build.0 = Debug|Win32
		{5BAD07DB-45CA-4D19-9F5F-60BD2BD0ABF7}.Release|Any CPU.ActiveCfg = Release|x64
		{5BAD07DB-45CA-4D19-9F5F-60BD2BD0ABF7}.Release|Any CPU.Build.0 = Release|x64
		{5BAD07DB-45CA-4D19-9F5F-60BD2BD0ABF7}.Release|x64.ActiveCfg = Release|x64
		{5BAD07DB-45CA-4D19-9F5F-60BD2BD0ABF7}.Release|x64.Build.0 = Release|x64
		{5BAD07DB-45CA-4D19-9F5F-60BD2BD0ABF7}.Release|x86.ActiveCfg = Release|Win32
		{5BAD07DB-45CA-4D19-9F5F-60BD2BD0ABF7}.Release|x86.Build.0 = Release|Win32
		{B4ACB721-EAC9-40AF-93FA-18D4E3476B10}.Debug|Any CPU.ActiveCfg = Debug|x64
		{B4ACB721-EAC9-40AF-93FA-18D4E3476B10}.Debug|Any CPU.Build.0 = Debug|x64
		{B4ACB721-EAC9-40AF-93FA-18D4E3476B10}.Debug|x64.ActiveCfg = Debug|x64
		{B4ACB721-EAC9-40AF-93FA-18D4E3476B10}.Debug|x64.Build.0 = Debug|x64
		{B4ACB721-EAC9-40AF-93FA-18D4E3476B10}.Debug|x86.ActiveCfg = Debug|Win32
		{B4ACB721-EAC9-40AF-93FA-18D4E3476B10}.Debug|x86.Build.0 = Debug|Win32
		{B4ACB721-EAC9-40AF-93FA-18D4E3476B10}.Release|Any CPU.ActiveCfg = Release|x64
		{B4ACB721-EAC9-40AF-93FA-18D4E3476B10}.Release|Any CPU.Build.0 = Release|x64
		{B4ACB721-EAC9-40AF-93FA-18D4E3476B10}.Release|x64.ActiveCfg = Release|x64
		{B4ACB721-EAC9-40AF-93FA-18D4E3476B10}.Release|x64.Build.0 = Release|x64
		{B4ACB721-EAC9-40AF-93FA-18D4E3476B10}.Release|x86.ActiveCfg = Release|Win32
		{B4ACB721-EAC9-40AF-93FA-18D4E3476B10}.Release|x86.Build.0 = Release|Win32
		{B4E235D4-1BAB-4A2A-8C5F-C2955385D38D}.Debug|Any CPU.ActiveCfg = Debug|x64
		{B4E235D4-1BAB-4A2A-8C5F-C2955385D38D}.Debug|Any CPU.Build.0 = Debug|x64
		{B4E235D4-1BAB-4A2A-8C5F-C2955385D38D}.Debug|x64.ActiveCfg = Debug|x64
		{B4E235D4-1BAB-4A2A-8C5F-C2955385D38D}.Debug|x64.Build.0 = Debug|x64
		{B4E235D4-1BAB-4A2A-8C5F-C2955385D38D}.Debug|x86.ActiveCfg = Debug|Win32
		{B4E235D4-1BAB-4A2A-8C5F-C2955385D38D}.Debug|x86.Build.0 = Debug|Win32
		{B4E235D4-1BAB-4A2A-8C5F-C2955385D38D}.Release|Any CPU.ActiveCfg = Release|x64
		{B4E235D4-1BAB-4A2A-8C5F-C2955385D38D}.Release|Any CPU.Build.0 = Release|x64
		{B4E235D4-1BAB-4A2A-8C5F-C2955385D38D}.Release|x64.ActiveCfg = Release|x64
		{B4E235D4-1BAB-4A2A-8C5F-C2955385D38D}.Release|x64.Build.0 = Release|x64
		{B4E235D4-1BAB-4A2A-8C5F-C2955385D38D}.Release|x86.ActiveCfg = Release|Win32
		{B4E235D4-1BAB-4A2A-8C5F-C2955385D38D}.Release|x86.Build.0 = Release|Win32
		{264A3453-F443-48E0-87E1-584EE5821E93}.Debug|Any CPU.ActiveCfg = Debug|x64
		{264A3453-F443-48E0-87E1-584EE5821E93}.Debug|Any CPU.Build.0 = Debug|x64
		{264A3453-F443-48E0-87E1-584EE5821E93}.Debug|x64.ActiveCfg = Debug|x64
		{264A3453-F443-48E0-87E1-584EE5821E93}.Debug|x64.Build.0 = Debug|x64
		{264A3453-F443-48E0-87E1-584EE5821E93}.Debug|x86.ActiveCfg = Debug|Win32
		{264A3453-F443-48E0-87E1-584EE5821E93}.Debug|x86.Build.0 = Debug|Win32
		{264A3453-F443-48E0-87E1-584EE5821E93}.Release|Any CPU.ActiveCfg = Release|x64
		{264A3453-F443-48E0-87E1-584EE5821E93}.Release|Any CPU.Build.0 = Release|x64
		{264A3453-F443-48E0-87E1-584EE5821E93}.Release|x64.ActiveCfg = Release|x64
		{264A3453-F443-48E0-87E1-584EE5821E93}.Release|x64.Build.0 = Release|x64
		{264A3453-F443-48E0-87E1-584EE5821E93}.Release|x86.ActiveCfg = Release|Win32
		{264A3453-F443-48E0-87E1-584EE5821E93}.Release|x86.Build.0 = Release|Win32
		{19D4BDD0-D044-46F7-AA6F-2277E7E6273D}.Debug|Any CPU.ActiveCfg = Debug|x64
		{19D4BDD0-D044-46F7-AA6F-2277E7E6273D}.Debug|Any CPU.Build.0 = Debug|x64
		{19D4BDD0-D044-46F7-AA6F-2277E7E6273D}.Debug|x64.ActiveCfg = Debug|x64
		{19D4BDD0-D044-46F7-AA6F-2277E7E6273D}.Debug|x64.Build.0 = Debug|x64
		{19D4BDD0-D044-46F7-AA6F-2277E7E6273D}.Debug|x86.ActiveCfg = Debug|Win32
		{19D4BDD0-D044-46F7-AA6F-2277E7E6273D}.Debug|x86.Build.0 = Debug|Win32
		{19D4BDD0-D044-46F7-AA6F-2277E7E6273D}.Release|Any CPU.ActiveCfg = Release|x64
		{19D4BDD0-D044-46F7-AA6F-2277E7E6273D}.Release|Any CPU.Build.0 = Release|x64
		{19D4BDD0-D044-46F7-AA6F-2277E7E6273D}.Release|x64.ActiveCfg = Release|x64
		{19D4BDD0-D044-46F7-AA6F-2277E7E6273D}.Release|x64.Build.0 = Release|x64
		{19D4BDD0-D044-46F7-AA6F-2277E7E6273D}.Release|x86.ActiveCfg = Release|Win32
		{19D4BDD0-D044-46F7-AA6F-2277E7E6273D}.Release|x86.Build.0 = Release|Win32
		{7D331A05-015E-4AF9-9723-E944D305134C}.Debug|Any CPU.ActiveCfg = Debug|x64
		{7D331A05-015E-4AF9-9723-E944D305134C}.Debug|Any CPU.Build.0 = Debug|x64
		{7D331A05-015E-4AF9-9723-E944D305134C}.Debug|x64.ActiveCfg = Debug|x64
		{7D331A05-015E-4AF9-9723-E944D305134C}.Debug|x64.Build.0 = Debug|x64
		{7D331A05-015E-4AF9-9723-E944D305134C}.Debug|x86.ActiveCfg = Debug|Win32
		{7D331A05-015E-4AF9-9723-E944D305134C}.Debug|x86.Build.0 = Debug|Win32
		{7D331A05-015E-4AF9-9723-E944D305134C}.Release|Any CPU.ActiveCfg = Release|x64
		{7D331A05-015E-4AF9-9723-E944D305134C}.Release|Any CPU.Build.0 = Release|x64
		{7D331A05-015E-4AF9-9723-E944D305134C}.Release|x64.ActiveCfg = Release|x64
		{7D331A05-015E-4AF9-9723-E944D305134C}.Release|x64.Build.0 = Release|x64
		{7D331A05-015E-4AF9-9723-E944D305134C}.Release|x86.ActiveCfg = Release|Win32
		{7D331A05-015E-4AF9-9723-E944D305134C}.Release|x86.Build.0 = Release|Win32
		{4282B02C-B280-4F31-82BC-E2BD9003CE4B}.Debug|Any CPU.ActiveCfg = Debug|x64
		{4282B02C-B280-4F31-82BC-E2BD9003CE4B}.Debug|Any CPU.Build.0 = Debug|x64
		{4282B02C-B280-4F31-82BC-E2BD9003CE4B}.Debug|x64.ActiveCfg = Debug|x64
		{4282B02C-B280-4F31-82BC-E2BD9003CE4B}.Debug|x64.Build.0 = Debug|x64
		{4282B02C-B280-4F31-82BC-E2BD9003CE4B}.Debug|x86.ActiveCfg = Debug|Win32
		{4282B02C-B280-4F31-82BC-E2BD9003CE4B}.Debug|x86.Build.0 = Debug|Win32
		{4282B02C-B280-4F31-82BC-E2BD9003CE4B}.Release|Any CPU.ActiveCfg = Release|x64
		{4282B02C-B280-4F31-82BC-E2BD9003CE4B}.Release|Any CPU.Build.0 = Release|x64
		{4282B02C-B280-4F31-82BC-E2BD9003CE4B}.Release|x64.ActiveCfg = Release|x64
		{4282B02C-B280-4F31-82BC-E2BD9003CE4B}.Release|x64.Build.0 = Release|x64
		{4282B02C-B280-4F31-82BC-E2BD9003CE4B}.Release|x86.ActiveCfg = Release|Win32
		{4282B02C-B280-4F31-82BC-E2BD9003CE4B}.Release|x86.Build.0 = Release|Win32
		{B92758D1-88FC-4C4C-BAFF-0BB3FD522C79}.Debug|Any CPU.ActiveCfg = Debug|x64
		{B92758D1-88FC-4C4C-BAFF-0BB3FD522C79}.Debug|Any CPU.Build.0 = Debug|x64
		{B92758D1-88FC-4C4C-BAFF-0BB3FD522C79}.Debug|x64.ActiveCfg = Debug|x64
		{B92758D1-88FC-4C4C-BAFF-0BB3FD522C79}.Debug|x64.Build.0 = Debug|x64
		{B92758D1-88FC-4C4C-BAFF-0BB3FD522C79}.Debug|x86.ActiveCfg = Debug|Win32
		{B92758D1-88FC-4C4C-BAFF-0BB3FD522C79}.Debug|x86.Build.0 = Debug|Win32
		{B92758D1-88FC-4C4C-BAFF-0BB3FD522C79}.Release|Any CPU.ActiveCfg = Release|x64
		{B92758D1-88FC-4C4C-BAFF-0BB3FD522C79}.Release|Any CPU.Build.0 = Release|x64
		{B92758D1-88FC-4C4C-BAFF-0BB3FD522C79}.Release|x64.ActiveCfg = Release|x64
		{B92758D1-88FC-4C4C-BAFF-0BB3FD522C79}.Release|x64.Build.0 = Release|x64
		{B92758D1-88FC-4C4C-BAFF-0BB3FD522C79}.Release|x86.ActiveCfg = Release|Win32
		{B92758D1-88FC-4C4C-BAFF-0BB3FD522C79}.Release|x86.Build.0 = Release|Win32
		{39D9AF57-6EC3-4F99-BA23-F70FF2DF43A6}.Debug|Any CPU.ActiveCfg = Debug|x64
		{39D9AF57-6EC3-4F99-BA23-F70FF2DF43A6}.Debug|Any CPU.Build.0 = Debug|x64
		{39D9AF57-6EC3-4F99-BA23-F70FF2DF43A6}.Debug|x64.ActiveCfg = Debug|x64
		{39D9AF57-6EC3-4F99-BA23-F70FF2DF43A6}.Debug|x64.Build.0 = Debug|x64
		{39D9AF57-6EC3-4F99-BA23-F70FF2DF43A6}.Debug|x86.ActiveCfg = Debug|Win32
		{39D9AF57-6EC3-4F99-BA23-F70FF2DF43A6}.Debug|x86.Build.0 = Debug|Win32
		{39D9AF57-6EC3-4F99-BA23-F70FF2DF43A6}.Release|Any CPU.ActiveCfg = Release|x64
		{39D9AF57-6EC3-4F99-BA23-F70FF2DF43A6}.Release|Any CPU.Build.0 = Release|x64
		{39D9AF57-6EC3-4F99-BA23-F70FF2DF43A6}.Release|x64.ActiveCfg = Release|x64
		{39D9AF57-6EC3-4F99-BA23-F70FF2DF43A6}.Release|x64.Build.0 = Release|x64
		{39D9AF57-6EC3-4F99-BA23-F70FF2DF43A6}.Release|x86.ActiveCfg = Release|Win32
		{39D9AF57-6EC3-4F99-BA23-F70FF2DF43A6}.Release|x86.Build.0 = Release|Win32
		{4B2ADE7B-4A0E-467D-9D0A-39828ADF1D5A}.Debug|Any CPU.ActiveCfg = Debug|x64
		{4B2ADE7B-4A0E-467D-9D0A-39828ADF1D5A}.Debug|Any CPU.Build.0 = Debug|x64
		{4B2ADE7B-4A0E-467D-9D0A-39828ADF1D5A}.Debug|x64.ActiveCfg = Debug|x64
		{4B2ADE7B-4A0E-467D-9D0A-39828ADF1D5A}.Debug|x64.Build.0 = Debug|x64
		{4B2ADE7B-4A0E-467D-9D0A-39828ADF1D5A}.Debug|x86.ActiveCfg = Debug|Win32
		{4B2ADE7B-4A0E-467D-9D0A-39828ADF1D5A}.Debug|x86.Build.0 = Debug|Win32
		{4B2ADE7B-4A0E-467D-9D0A-39828ADF1D5A}.Release|Any CPU.ActiveCfg = Release|x64
		{4B2ADE7B-4A0E-467D-9D0A-39828ADF1D5A}.Release|Any CPU.Build.0 = Release|x64
		{4B2ADE7B-4A0E-467D-9D0A-39828ADF1D5A}.Release|x64.ActiveCfg = Release|x64
		{4B2ADE7B-4A0E-467D-9D0A-39828ADF1D5A}.Release|x64.Build.0 = Release|x64
		{4B2ADE7B-4A0E-467D-9D0A-39828ADF1D5A}.Release|x86.ActiveCfg = Release|Win32
		{4B2ADE7B-4A0E-467D-9D0A-39828ADF1D5A}.Release|x86.Build.0 = Release|Win32
		{44341CB5-5F81-47D9-80C8-E4FDE35E9CAD}.Debug|Any CPU.ActiveCfg = Debug|x64
		{44341CB5-5F81-47D9-80C8-E4FDE35E9CAD}.Debug|Any CPU.Build.0 = Debug|x64
		{44341CB5-5F81-47D9-80C8-E4FDE35E9CAD}.Debug|x64.ActiveCfg = Debug|x64
		{44341CB5-5F81-47D9-80C8-E4FDE35E9CAD}.Debug|x64.Build.0 = Debug|x64
		{44341CB5-5F81-47D9-80C8-E4FDE35E9CAD}.Debug|x86.ActiveCfg = Debug|Win32
		{44341CB5-5F81-47D9-80C8-E4FDE35E9CAD}.Debug|x86.Build.0 = Debug|Win32
		{44341CB5-5F81-47D9-80C8-E4FDE35E9CAD}.Release|Any CPU.ActiveCfg = Release|x64
		{44341CB5-5F81-47D9-80C8-E4FDE35E9CAD}.Release|Any CPU.Build.0 = Release|x64
		{44341CB5-5F81-47D9-80C8-E4FDE35E9CAD}.Release|x64.ActiveCfg = Release|x64
		{44341CB5-5F81-47D9-80C8-E4FDE35E9CAD}.Release|x64.Build.0 = Release|x64
		{44341CB5-5F81-47D9-80C8-E4FDE35E9CAD}.Release|x86.ActiveCfg = Release|Win32
		{44341CB5-5F81-47D9-80C8-E4FDE35E9CAD}.Release|x86.Build.0 = Release|Win32
		{9A1B0DCF-D1D3-410D-90B0-8CB8007CE67A}.Debug|Any CPU.ActiveCfg = Debug|x64
		{9A1B0DCF-D1D3-410D-90B0-8CB8007CE67A}.Debug|Any CPU.Build.0 = Debug|x64
		{9A1B0DCF-D1D3-410D-90B0-8CB8007CE67A}.Debug|x64.ActiveCfg = Debug|x64
		{9A1B0DCF-D1D3-410D-90B0-8CB8007CE67A}.Debug|x64.Build.0 = Debug|x64
		{9A1B0DCF-D1D3-410D-90B0-8CB8007CE67A}.Debug|x86.ActiveCfg = Debug|Win32
		{9A1B0DCF-D1D3-410D-90B0-8CB8007CE67A}.Debug|x86.Build.0 = Debug|Win32
		{9A1B0DCF-D1D3-410D-90B0-8CB8007CE67A}.Release|Any CPU.ActiveCfg = Release|x64
		{9A1B0DCF-D1D3-410D-90B0-8CB8007CE67A}.Release|Any CPU.Build.0 = Release|x64
		{9A1B0DCF-D1D3-410D-90B0-8CB8007CE67A}.Release|x64.ActiveCfg = Release|x64
		{9A1B0DCF-D1D3-410D-90B0-8CB8007CE67A}.Release|x64.Build.0 = Release|x64
		{9A1B0DCF-D1D3-410D-90B0-8CB8007CE67A}.Release|x86.ActiveCfg = Release|Win32
		{9A1B0DCF-D1D3-410D-90B0-8CB8007CE67A}.Release|x86.Build.0 = Release|Win32
		{FF649025-5407-4DA5-B791-0D0E96BE9BE6}.Debug|Any CPU.ActiveCfg = Debug|x64
		{FF649025-5407-4DA5-B791-0D0E96BE9BE6}.Debug|Any CPU.Build.0 = Debug|x64
		{FF649025-5407-4DA5-B791-0D0E96BE9BE6}.Debug|x64.ActiveCfg = Debug|x64
		{FF649025-5407-4DA5-B791-0D0E96BE9BE6}.Debug|x64.Build.0 = Debug|x64
		{FF649025-5407-4DA5-B791-0D0E96BE9BE6}.Debug|x86.ActiveCfg = Debug|Win32
		{FF649025-5407-4DA5-B791-0D0E96BE9BE6}.Debug|x86.Build.0 = Debug|Win32
		{FF649025-5407-4DA5-B791-0D0E96BE9BE6}.Release|Any CPU.ActiveCfg = Release|x64
		{FF649025-5407-4DA5-B791-0D0E96BE9BE6}.Release|Any CPU.Build.0 = Release|x64
		{FF649025-5407-4DA5-B791-0D0E96BE9BE6}.Release|x64.ActiveCfg = Release|x64
		{FF649025-5407-4DA5-B791-0D0E96BE9BE6}.Release|x64.Build.0 = Release|x64
		{FF649025-5407-4DA5-B791-0D0E96BE9BE6}.Release|x86.ActiveCfg = Release|Win32
		{FF649025-5407-4DA5-B791-0D0E96BE9BE6}.Release|x86.Build.0 = Release|Win32
		{8C3234ED-D4E0-4C0C-9DF9-BEBBC1D41A36}.Debug|Any CPU.ActiveCfg = Debug|x64
		{8C3234ED-D4E0-4C0C-9DF9-BEBBC1D41A36}.Debug|Any CPU.Build.0 = Debug|x64
		{8C3234ED-D4E0-4C0C-9DF9-BEBBC1D41A36}.Debug|x64.ActiveCfg = Debug|x64
		{8C3234ED-D4E0-4C0C-9DF9-BEBBC1D41A36}.Debug|x64.Build.0 = Debug|x64
		{8C3234ED-D4E0-4C0C-9DF9-BEBBC1D41A36}.Debug|x86.ActiveCfg = Debug|Win32
		{8C3234ED-D4E0-4C0C-9DF9-BEBBC1D41A36}.Debug|x86.Build.0 = Debug|Win32
		{8C3234ED-D4E0-4C0C-9DF9-BEBBC1D41A36}.Release|Any CPU.ActiveCfg = Release|x64
		{8C3234ED-D4E0-4C0C-9DF9-BEBBC1D41A36}.Release|Any CPU.Build.0 = Release|x64
		{8C3234ED-D4E0-4C0C-9DF9-BEBBC1D41A36}.Release|x64.ActiveCfg = Release|x64
		{8C3234ED-D4E0-4C0C-9DF9-BEBBC1D41A36}.Release|x64.Build.0 = Release|x64
		{8C3234ED-D4E0-4C0C-9DF9-BEBBC1D41A36}.Release|x86.ActiveCfg = Release|Win32
		{8C3234ED-D4E0-4C0C-9DF9-BEBBC1D41A36}.Release|x86.Build.0 = Release|Win32
		{5D605A8D-8D91-4F2F-8B32-E98A8E0FC87E}.Debug|Any CPU.ActiveCfg = Debug|Any CPU
		{5D605A8D-8D91-4F2F-8B32-E98A8E0FC87E}.Debug|Any CPU.Build.0 = Debug|Any CPU
		{5D605A8D-8D91-4F2F-8B32-E98A8E0FC87E}.Debug|x64.ActiveCfg = Debug|Any CPU
		{5D605A8D-8D91-4F2F-8B32-E98A8E0FC87E}.Debug|x64.Build.0 = Debug|Any CPU
		{5D605A8D-8D91-4F2F-8B32-E98A8E0FC87E}.Debug|x86.ActiveCfg = Debug|Any CPU
		{5D605A8D-8D91-4F2F-8B32-E98A8E0FC87E}.Debug|x86.Build.0 = Debug|Any CPU
		{5D605A8D-8D91-4F2F-8B32-E98A8E0FC87E}.Release|Any CPU.ActiveCfg = Release|Any CPU
		{5D605A8D-8D91-4F2F-8B32-E98A8E0FC87E}.Release|Any CPU.Build.0 = Release|Any CPU
		{5D605A8D-8D91-4F2F-8B32-E98A8E0FC87E}.Release|x64.ActiveCfg = Release|Any CPU
		{5D605A8D-8D91-4F2F-8B32-E98A8E0FC87E}.Release|x64.Build.0 = Release|Any CPU
		{5D605A8D-8D91-4F2F-8B32-E98A8E0FC87E}.Release|x86.ActiveCfg = Release|Any CPU
		{5D605A8D-8D91-4F2F-8B32-E98A8E0FC87E}.Release|x86.Build.0 = Release|Any CPU
		{8DF9FDB0-8586-4BD2-B795-6DA465C40BF9}.Debug|Any CPU.ActiveCfg = Debug|Any CPU
		{8DF9FDB0-8586-4BD2-B795-6DA465C40BF9}.Debug|Any CPU.Build.0 = Debug|Any CPU
		{8DF9FDB0-8586-4BD2-B795-6DA465C40BF9}.Debug|x64.ActiveCfg = Debug|Any CPU
		{8DF9FDB0-8586-4BD2-B795-6DA465C40BF9}.Debug|x64.Build.0 = Debug|Any CPU
		{8DF9FDB0-8586-4BD2-B795-6DA465C40BF9}.Debug|x86.ActiveCfg = Debug|Any CPU
		{8DF9FDB0-8586-4BD2-B795-6DA465C40BF9}.Debug|x86.Build.0 = Debug|Any CPU
		{8DF9FDB0-8586-4BD2-B795-6DA465C40BF9}.Release|Any CPU.ActiveCfg = Release|Any CPU
		{8DF9FDB0-8586-4BD2-B795-6DA465C40BF9}.Release|Any CPU.Build.0 = Release|Any CPU
		{8DF9FDB0-8586-4BD2-B795-6DA465C40BF9}.Release|x64.ActiveCfg = Release|Any CPU
		{8DF9FDB0-8586-4BD2-B795-6DA465C40BF9}.Release|x64.Build.0 = Release|Any CPU
		{8DF9FDB0-8586-4BD2-B795-6DA465C40BF9}.Release|x86.ActiveCfg = Release|Any CPU
		{8DF9FDB0-8586-4BD2-B795-6DA465C40BF9}.Release|x86.Build.0 = Release|Any CPU
		{872E1F20-BEBA-4F20-935B-0062133349F8}.Debug|Any CPU.ActiveCfg = Debug|Any CPU
		{872E1F20-BEBA-4F20-935B-0062133349F8}.Debug|Any CPU.Build.0 = Debug|Any CPU
		{872E1F20-BEBA-4F20-935B-0062133349F8}.Debug|x64.ActiveCfg = Debug|Any CPU
		{872E1F20-BEBA-4F20-935B-0062133349F8}.Debug|x64.Build.0 = Debug|Any CPU
		{872E1F20-BEBA-4F20-935B-0062133349F8}.Debug|x86.ActiveCfg = Debug|Any CPU
		{872E1F20-BEBA-4F20-935B-0062133349F8}.Debug|x86.Build.0 = Debug|Any CPU
		{872E1F20-BEBA-4F20-935B-0062133349F8}.Release|Any CPU.ActiveCfg = Release|Any CPU
		{872E1F20-BEBA-4F20-935B-0062133349F8}.Release|Any CPU.Build.0 = Release|Any CPU
		{872E1F20-BEBA-4F20-935B-0062133349F8}.Release|x64.ActiveCfg = Release|Any CPU
		{872E1F20-BEBA-4F20-935B-0062133349F8}.Release|x64.Build.0 = Release|Any CPU
		{872E1F20-BEBA-4F20-935B-0062133349F8}.Release|x86.ActiveCfg = Release|Any CPU
		{872E1F20-BEBA-4F20-935B-0062133349F8}.Release|x86.Build.0 = Release|Any CPU
		{EC83EA86-E2B4-4E92-8CE8-21543E416ED8}.Debug|Any CPU.ActiveCfg = Debug|Any CPU
		{EC83EA86-E2B4-4E92-8CE8-21543E416ED8}.Debug|Any CPU.Build.0 = Debug|Any CPU
		{EC83EA86-E2B4-4E92-8CE8-21543E416ED8}.Debug|x64.ActiveCfg = Debug|Any CPU
		{EC83EA86-E2B4-4E92-8CE8-21543E416ED8}.Debug|x64.Build.0 = Debug|Any CPU
		{EC83EA86-E2B4-4E92-8CE8-21543E416ED8}.Debug|x86.ActiveCfg = Debug|Any CPU
		{EC83EA86-E2B4-4E92-8CE8-21543E416ED8}.Debug|x86.Build.0 = Debug|Any CPU
		{EC83EA86-E2B4-4E92-8CE8-21543E416ED8}.Release|Any CPU.ActiveCfg = Release|Any CPU
		{EC83EA86-E2B4-4E92-8CE8-21543E416ED8}.Release|Any CPU.Build.0 = Release|Any CPU
		{EC83EA86-E2B4-4E92-8CE8-21543E416ED8}.Release|x64.ActiveCfg = Release|Any CPU
		{EC83EA86-E2B4-4E92-8CE8-21543E416ED8}.Release|x64.Build.0 = Release|Any CPU
		{EC83EA86-E2B4-4E92-8CE8-21543E416ED8}.Release|x86.ActiveCfg = Release|Any CPU
		{EC83EA86-E2B4-4E92-8CE8-21543E416ED8}.Release|x86.Build.0 = Release|Any CPU
		{5EC045E1-AA64-48D7-8F4C-9EA69BFD45F2}.Debug|Any CPU.ActiveCfg = Debug|Any CPU
		{5EC045E1-AA64-48D7-8F4C-9EA69BFD45F2}.Debug|Any CPU.Build.0 = Debug|Any CPU
		{5EC045E1-AA64-48D7-8F4C-9EA69BFD45F2}.Debug|x64.ActiveCfg = Debug|Any CPU
		{5EC045E1-AA64-48D7-8F4C-9EA69BFD45F2}.Debug|x64.Build.0 = Debug|Any CPU
		{5EC045E1-AA64-48D7-8F4C-9EA69BFD45F2}.Debug|x86.ActiveCfg = Debug|Any CPU
		{5EC045E1-AA64-48D7-8F4C-9EA69BFD45F2}.Debug|x86.Build.0 = Debug|Any CPU
		{5EC045E1-AA64-48D7-8F4C-9EA69BFD45F2}.Release|Any CPU.ActiveCfg = Release|Any CPU
		{5EC045E1-AA64-48D7-8F4C-9EA69BFD45F2}.Release|Any CPU.Build.0 = Release|Any CPU
		{5EC045E1-AA64-48D7-8F4C-9EA69BFD45F2}.Release|x64.ActiveCfg = Release|Any CPU
		{5EC045E1-AA64-48D7-8F4C-9EA69BFD45F2}.Release|x64.Build.0 = Release|Any CPU
		{5EC045E1-AA64-48D7-8F4C-9EA69BFD45F2}.Release|x86.ActiveCfg = Release|Any CPU
		{5EC045E1-AA64-48D7-8F4C-9EA69BFD45F2}.Release|x86.Build.0 = Release|Any CPU
		{5A6E98A5-4D2E-4A78-A92A-E22043AE5145}.Debug|Any CPU.ActiveCfg = Debug|Any CPU
		{5A6E98A5-4D2E-4A78-A92A-E22043AE5145}.Debug|Any CPU.Build.0 = Debug|Any CPU
		{5A6E98A5-4D2E-4A78-A92A-E22043AE5145}.Debug|x64.ActiveCfg = Debug|Any CPU
		{5A6E98A5-4D2E-4A78-A92A-E22043AE5145}.Debug|x64.Build.0 = Debug|Any CPU
		{5A6E98A5-4D2E-4A78-A92A-E22043AE5145}.Debug|x86.ActiveCfg = Debug|Any CPU
		{5A6E98A5-4D2E-4A78-A92A-E22043AE5145}.Debug|x86.Build.0 = Debug|Any CPU
		{5A6E98A5-4D2E-4A78-A92A-E22043AE5145}.Release|Any CPU.ActiveCfg = Release|Any CPU
		{5A6E98A5-4D2E-4A78-A92A-E22043AE5145}.Release|Any CPU.Build.0 = Release|Any CPU
		{5A6E98A5-4D2E-4A78-A92A-E22043AE5145}.Release|x64.ActiveCfg = Release|Any CPU
		{5A6E98A5-4D2E-4A78-A92A-E22043AE5145}.Release|x64.Build.0 = Release|Any CPU
		{5A6E98A5-4D2E-4A78-A92A-E22043AE5145}.Release|x86.ActiveCfg = Release|Any CPU
		{5A6E98A5-4D2E-4A78-A92A-E22043AE5145}.Release|x86.Build.0 = Release|Any CPU
		{76F1A1C1-1FF2-44A2-B250-78FCE02F22E0}.Debug|Any CPU.ActiveCfg = Debug|Any CPU
		{76F1A1C1-1FF2-44A2-B250-78FCE02F22E0}.Debug|Any CPU.Build.0 = Debug|Any CPU
		{76F1A1C1-1FF2-44A2-B250-78FCE02F22E0}.Debug|x64.ActiveCfg = Debug|Any CPU
		{76F1A1C1-1FF2-44A2-B250-78FCE02F22E0}.Debug|x64.Build.0 = Debug|Any CPU
		{76F1A1C1-1FF2-44A2-B250-78FCE02F22E0}.Debug|x86.ActiveCfg = Debug|Any CPU
		{76F1A1C1-1FF2-44A2-B250-78FCE02F22E0}.Debug|x86.Build.0 = Debug|Any CPU
		{76F1A1C1-1FF2-44A2-B250-78FCE02F22E0}.Release|Any CPU.ActiveCfg = Release|Any CPU
		{76F1A1C1-1FF2-44A2-B250-78FCE02F22E0}.Release|Any CPU.Build.0 = Release|Any CPU
		{76F1A1C1-1FF2-44A2-B250-78FCE02F22E0}.Release|x64.ActiveCfg = Release|Any CPU
		{76F1A1C1-1FF2-44A2-B250-78FCE02F22E0}.Release|x64.Build.0 = Release|Any CPU
		{76F1A1C1-1FF2-44A2-B250-78FCE02F22E0}.Release|x86.ActiveCfg = Release|Any CPU
		{76F1A1C1-1FF2-44A2-B250-78FCE02F22E0}.Release|x86.Build.0 = Release|Any CPU
		{F8253358-D858-46AB-BB02-60C2684FF081}.Debug|Any CPU.ActiveCfg = Debug|Any CPU
		{F8253358-D858-46AB-BB02-60C2684FF081}.Debug|Any CPU.Build.0 = Debug|Any CPU
		{F8253358-D858-46AB-BB02-60C2684FF081}.Debug|x64.ActiveCfg = Debug|Any CPU
		{F8253358-D858-46AB-BB02-60C2684FF081}.Debug|x64.Build.0 = Debug|Any CPU
		{F8253358-D858-46AB-BB02-60C2684FF081}.Debug|x86.ActiveCfg = Debug|Any CPU
		{F8253358-D858-46AB-BB02-60C2684FF081}.Debug|x86.Build.0 = Debug|Any CPU
		{F8253358-D858-46AB-BB02-60C2684FF081}.Release|Any CPU.ActiveCfg = Release|Any CPU
		{F8253358-D858-46AB-BB02-60C2684FF081}.Release|Any CPU.Build.0 = Release|Any CPU
		{F8253358-D858-46AB-BB02-60C2684FF081}.Release|x64.ActiveCfg = Release|Any CPU
		{F8253358-D858-46AB-BB02-60C2684FF081}.Release|x64.Build.0 = Release|Any CPU
		{F8253358-D858-46AB-BB02-60C2684FF081}.Release|x86.ActiveCfg = Release|Any CPU
		{F8253358-D858-46AB-BB02-60C2684FF081}.Release|x86.Build.0 = Release|Any CPU
		{BE0E0234-EF39-4211-A14B-506B188FD815}.Debug|Any CPU.ActiveCfg = Debug|Any CPU
		{BE0E0234-EF39-4211-A14B-506B188FD815}.Debug|Any CPU.Build.0 = Debug|Any CPU
		{BE0E0234-EF39-4211-A14B-506B188FD815}.Debug|x64.ActiveCfg = Debug|Any CPU
		{BE0E0234-EF39-4211-A14B-506B188FD815}.Debug|x64.Build.0 = Debug|Any CPU
		{BE0E0234-EF39-4211-A14B-506B188FD815}.Debug|x86.ActiveCfg = Debug|Any CPU
		{BE0E0234-EF39-4211-A14B-506B188FD815}.Debug|x86.Build.0 = Debug|Any CPU
		{BE0E0234-EF39-4211-A14B-506B188FD815}.Release|Any CPU.ActiveCfg = Release|Any CPU
		{BE0E0234-EF39-4211-A14B-506B188FD815}.Release|Any CPU.Build.0 = Release|Any CPU
		{BE0E0234-EF39-4211-A14B-506B188FD815}.Release|x64.ActiveCfg = Release|Any CPU
		{BE0E0234-EF39-4211-A14B-506B188FD815}.Release|x64.Build.0 = Release|Any CPU
		{BE0E0234-EF39-4211-A14B-506B188FD815}.Release|x86.ActiveCfg = Release|Any CPU
		{BE0E0234-EF39-4211-A14B-506B188FD815}.Release|x86.Build.0 = Release|Any CPU
		{3CD28C89-F57E-4FD6-9D74-C672F000D2E2}.Debug|Any CPU.ActiveCfg = Debug|Any CPU
		{3CD28C89-F57E-4FD6-9D74-C672F000D2E2}.Debug|Any CPU.Build.0 = Debug|Any CPU
		{3CD28C89-F57E-4FD6-9D74-C672F000D2E2}.Debug|x64.ActiveCfg = Debug|Any CPU
		{3CD28C89-F57E-4FD6-9D74-C672F000D2E2}.Debug|x64.Build.0 = Debug|Any CPU
		{3CD28C89-F57E-4FD6-9D74-C672F000D2E2}.Debug|x86.ActiveCfg = Debug|Any CPU
		{3CD28C89-F57E-4FD6-9D74-C672F000D2E2}.Debug|x86.Build.0 = Debug|Any CPU
		{3CD28C89-F57E-4FD6-9D74-C672F000D2E2}.Release|Any CPU.ActiveCfg = Release|Any CPU
		{3CD28C89-F57E-4FD6-9D74-C672F000D2E2}.Release|Any CPU.Build.0 = Release|Any CPU
		{3CD28C89-F57E-4FD6-9D74-C672F000D2E2}.Release|x64.ActiveCfg = Release|Any CPU
		{3CD28C89-F57E-4FD6-9D74-C672F000D2E2}.Release|x64.Build.0 = Release|Any CPU
		{3CD28C89-F57E-4FD6-9D74-C672F000D2E2}.Release|x86.ActiveCfg = Release|Any CPU
		{3CD28C89-F57E-4FD6-9D74-C672F000D2E2}.Release|x86.Build.0 = Release|Any CPU
		{224D7A6F-8F6B-4D10-8B2D-B085F1CF0D66}.Debug|Any CPU.ActiveCfg = Debug|Any CPU
		{224D7A6F-8F6B-4D10-8B2D-B085F1CF0D66}.Debug|Any CPU.Build.0 = Debug|Any CPU
		{224D7A6F-8F6B-4D10-8B2D-B085F1CF0D66}.Debug|x64.ActiveCfg = Debug|Any CPU
		{224D7A6F-8F6B-4D10-8B2D-B085F1CF0D66}.Debug|x64.Build.0 = Debug|Any CPU
		{224D7A6F-8F6B-4D10-8B2D-B085F1CF0D66}.Debug|x86.ActiveCfg = Debug|Any CPU
		{224D7A6F-8F6B-4D10-8B2D-B085F1CF0D66}.Debug|x86.Build.0 = Debug|Any CPU
		{224D7A6F-8F6B-4D10-8B2D-B085F1CF0D66}.Release|Any CPU.ActiveCfg = Release|Any CPU
		{224D7A6F-8F6B-4D10-8B2D-B085F1CF0D66}.Release|Any CPU.Build.0 = Release|Any CPU
		{224D7A6F-8F6B-4D10-8B2D-B085F1CF0D66}.Release|x64.ActiveCfg = Release|Any CPU
		{224D7A6F-8F6B-4D10-8B2D-B085F1CF0D66}.Release|x64.Build.0 = Release|Any CPU
		{224D7A6F-8F6B-4D10-8B2D-B085F1CF0D66}.Release|x86.ActiveCfg = Release|Any CPU
		{224D7A6F-8F6B-4D10-8B2D-B085F1CF0D66}.Release|x86.Build.0 = Release|Any CPU
		{3B03D8CD-9D25-4A22-9B20-027F77738C60}.Debug|Any CPU.ActiveCfg = Debug|Any CPU
		{3B03D8CD-9D25-4A22-9B20-027F77738C60}.Debug|Any CPU.Build.0 = Debug|Any CPU
		{3B03D8CD-9D25-4A22-9B20-027F77738C60}.Debug|Any CPU.Deploy.0 = Debug|Any CPU
		{3B03D8CD-9D25-4A22-9B20-027F77738C60}.Debug|x64.ActiveCfg = Debug|Any CPU
		{3B03D8CD-9D25-4A22-9B20-027F77738C60}.Debug|x64.Build.0 = Debug|Any CPU
		{3B03D8CD-9D25-4A22-9B20-027F77738C60}.Debug|x86.ActiveCfg = Debug|Any CPU
		{3B03D8CD-9D25-4A22-9B20-027F77738C60}.Debug|x86.Build.0 = Debug|Any CPU
		{3B03D8CD-9D25-4A22-9B20-027F77738C60}.Release|Any CPU.ActiveCfg = Release|Any CPU
		{3B03D8CD-9D25-4A22-9B20-027F77738C60}.Release|Any CPU.Build.0 = Release|Any CPU
		{3B03D8CD-9D25-4A22-9B20-027F77738C60}.Release|x64.ActiveCfg = Release|Any CPU
		{3B03D8CD-9D25-4A22-9B20-027F77738C60}.Release|x64.Build.0 = Release|Any CPU
		{3B03D8CD-9D25-4A22-9B20-027F77738C60}.Release|x86.ActiveCfg = Release|Any CPU
		{3B03D8CD-9D25-4A22-9B20-027F77738C60}.Release|x86.Build.0 = Release|Any CPU
		{7020F223-FCBD-4C10-A4C6-1D8B8EEC6671}.Debug|Any CPU.ActiveCfg = Debug|Any CPU
		{7020F223-FCBD-4C10-A4C6-1D8B8EEC6671}.Debug|Any CPU.Build.0 = Debug|Any CPU
		{7020F223-FCBD-4C10-A4C6-1D8B8EEC6671}.Debug|Any CPU.Deploy.0 = Debug|Any CPU
		{7020F223-FCBD-4C10-A4C6-1D8B8EEC6671}.Debug|x64.ActiveCfg = Debug|Any CPU
		{7020F223-FCBD-4C10-A4C6-1D8B8EEC6671}.Debug|x64.Build.0 = Debug|Any CPU
		{7020F223-FCBD-4C10-A4C6-1D8B8EEC6671}.Debug|x86.ActiveCfg = Debug|Any CPU
		{7020F223-FCBD-4C10-A4C6-1D8B8EEC6671}.Debug|x86.Build.0 = Debug|Any CPU
		{7020F223-FCBD-4C10-A4C6-1D8B8EEC6671}.Release|Any CPU.ActiveCfg = Release|Any CPU
		{7020F223-FCBD-4C10-A4C6-1D8B8EEC6671}.Release|Any CPU.Build.0 = Release|Any CPU
		{7020F223-FCBD-4C10-A4C6-1D8B8EEC6671}.Release|x64.ActiveCfg = Release|Any CPU
		{7020F223-FCBD-4C10-A4C6-1D8B8EEC6671}.Release|x64.Build.0 = Release|Any CPU
		{7020F223-FCBD-4C10-A4C6-1D8B8EEC6671}.Release|x86.ActiveCfg = Release|Any CPU
		{7020F223-FCBD-4C10-A4C6-1D8B8EEC6671}.Release|x86.Build.0 = Release|Any CPU
		{7F3FC432-6236-4D27-B058-6C0CDB1B1E1C}.Debug|Any CPU.ActiveCfg = Debug|Any CPU
		{7F3FC432-6236-4D27-B058-6C0CDB1B1E1C}.Debug|Any CPU.Build.0 = Debug|Any CPU
		{7F3FC432-6236-4D27-B058-6C0CDB1B1E1C}.Debug|Any CPU.Deploy.0 = Debug|Any CPU
		{7F3FC432-6236-4D27-B058-6C0CDB1B1E1C}.Debug|x64.ActiveCfg = Debug|Any CPU
		{7F3FC432-6236-4D27-B058-6C0CDB1B1E1C}.Debug|x64.Build.0 = Debug|Any CPU
		{7F3FC432-6236-4D27-B058-6C0CDB1B1E1C}.Debug|x86.ActiveCfg = Debug|Any CPU
		{7F3FC432-6236-4D27-B058-6C0CDB1B1E1C}.Debug|x86.Build.0 = Debug|Any CPU
		{7F3FC432-6236-4D27-B058-6C0CDB1B1E1C}.Release|Any CPU.ActiveCfg = Release|Any CPU
		{7F3FC432-6236-4D27-B058-6C0CDB1B1E1C}.Release|Any CPU.Build.0 = Release|Any CPU
		{7F3FC432-6236-4D27-B058-6C0CDB1B1E1C}.Release|x64.ActiveCfg = Release|Any CPU
		{7F3FC432-6236-4D27-B058-6C0CDB1B1E1C}.Release|x64.Build.0 = Release|Any CPU
		{7F3FC432-6236-4D27-B058-6C0CDB1B1E1C}.Release|x86.ActiveCfg = Release|Any CPU
		{7F3FC432-6236-4D27-B058-6C0CDB1B1E1C}.Release|x86.Build.0 = Release|Any CPU
		{221D20F4-632D-4CD9-B25C-C5129E730A00}.Debug|Any CPU.ActiveCfg = Debug|Any CPU
		{221D20F4-632D-4CD9-B25C-C5129E730A00}.Debug|Any CPU.Build.0 = Debug|Any CPU
		{221D20F4-632D-4CD9-B25C-C5129E730A00}.Debug|x64.ActiveCfg = Debug|Any CPU
		{221D20F4-632D-4CD9-B25C-C5129E730A00}.Debug|x64.Build.0 = Debug|Any CPU
		{221D20F4-632D-4CD9-B25C-C5129E730A00}.Debug|x86.ActiveCfg = Debug|Any CPU
		{221D20F4-632D-4CD9-B25C-C5129E730A00}.Debug|x86.Build.0 = Debug|Any CPU
		{221D20F4-632D-4CD9-B25C-C5129E730A00}.Release|Any CPU.ActiveCfg = Release|Any CPU
		{221D20F4-632D-4CD9-B25C-C5129E730A00}.Release|Any CPU.Build.0 = Release|Any CPU
		{221D20F4-632D-4CD9-B25C-C5129E730A00}.Release|x64.ActiveCfg = Release|Any CPU
		{221D20F4-632D-4CD9-B25C-C5129E730A00}.Release|x64.Build.0 = Release|Any CPU
		{221D20F4-632D-4CD9-B25C-C5129E730A00}.Release|x86.ActiveCfg = Release|Any CPU
		{221D20F4-632D-4CD9-B25C-C5129E730A00}.Release|x86.Build.0 = Release|Any CPU
		{07D5AB84-0F01-4F07-B3D3-05757F6C1475}.Debug|Any CPU.ActiveCfg = Debug|Any CPU
		{07D5AB84-0F01-4F07-B3D3-05757F6C1475}.Debug|Any CPU.Build.0 = Debug|Any CPU
		{07D5AB84-0F01-4F07-B3D3-05757F6C1475}.Debug|x64.ActiveCfg = Debug|Any CPU
		{07D5AB84-0F01-4F07-B3D3-05757F6C1475}.Debug|x64.Build.0 = Debug|Any CPU
		{07D5AB84-0F01-4F07-B3D3-05757F6C1475}.Debug|x86.ActiveCfg = Debug|Any CPU
		{07D5AB84-0F01-4F07-B3D3-05757F6C1475}.Debug|x86.Build.0 = Debug|Any CPU
		{07D5AB84-0F01-4F07-B3D3-05757F6C1475}.Release|Any CPU.ActiveCfg = Release|Any CPU
		{07D5AB84-0F01-4F07-B3D3-05757F6C1475}.Release|Any CPU.Build.0 = Release|Any CPU
		{07D5AB84-0F01-4F07-B3D3-05757F6C1475}.Release|x64.ActiveCfg = Release|Any CPU
		{07D5AB84-0F01-4F07-B3D3-05757F6C1475}.Release|x64.Build.0 = Release|Any CPU
		{07D5AB84-0F01-4F07-B3D3-05757F6C1475}.Release|x86.ActiveCfg = Release|Any CPU
		{07D5AB84-0F01-4F07-B3D3-05757F6C1475}.Release|x86.Build.0 = Release|Any CPU
	EndGlobalSection
	GlobalSection(SolutionProperties) = preSolution
		HideSolutionNode = FALSE
	EndGlobalSection
	GlobalSection(NestedProjects) = preSolution
		{403EED5E-0FD4-4027-B40C-6B0B5B632FCC} = {2791BD70-7BEF-482C-AA02-B657B0241100}
		{82676755-815D-4536-998C-FF1523D995F8} = {2791BD70-7BEF-482C-AA02-B657B0241100}
		{2791BD70-7BEF-482C-AA02-B657B0241100} = {62B3624D-CE44-4DC0-AA51-5E61F5CDBF53}
		{653DF6B4-0FA2-4631-AC94-0836BD2F63A0} = {62B3624D-CE44-4DC0-AA51-5E61F5CDBF53}
		{9347B1C0-0049-4A03-90BE-AB5048446826} = {653DF6B4-0FA2-4631-AC94-0836BD2F63A0}
		{7F651422-672D-406A-8518-1A4A75A5EF79} = {653DF6B4-0FA2-4631-AC94-0836BD2F63A0}
		{404AC7D7-70FC-4040-AF71-A7502089F7BA} = {653DF6B4-0FA2-4631-AC94-0836BD2F63A0}
		{A18E0250-0072-4B0A-B6D9-F493D60E593E} = {653DF6B4-0FA2-4631-AC94-0836BD2F63A0}
		{0E0445FC-DFDA-46DA-B155-F8FA4C23C151} = {62B3624D-CE44-4DC0-AA51-5E61F5CDBF53}
		{80E860F2-1687-4C2E-A364-9ED0798FF259} = {0E0445FC-DFDA-46DA-B155-F8FA4C23C151}
		{609D8A9F-99F7-4D5C-BD68-FB3BACA8D2A5} = {0E0445FC-DFDA-46DA-B155-F8FA4C23C151}
		{E84FC0B8-7ABA-4716-A8D8-EEB23D23447E} = {62B3624D-CE44-4DC0-AA51-5E61F5CDBF53}
		{F5B3801E-CE2A-40A8-AE90-543FFD85DAC6} = {E84FC0B8-7ABA-4716-A8D8-EEB23D23447E}
		{FB74987C-35A4-43EE-AF8A-BCFBA1818D2F} = {E84FC0B8-7ABA-4716-A8D8-EEB23D23447E}
		{6B846FC3-785E-4AC5-B55A-19FFF8382B6F} = {62B3624D-CE44-4DC0-AA51-5E61F5CDBF53}
		{5BAD07DB-45CA-4D19-9F5F-60BD2BD0ABF7} = {6B846FC3-785E-4AC5-B55A-19FFF8382B6F}
		{149862AF-FD56-4EAC-BEB2-0E1F2CBC92B0} = {62B3624D-CE44-4DC0-AA51-5E61F5CDBF53}
		{B4ACB721-EAC9-40AF-93FA-18D4E3476B10} = {149862AF-FD56-4EAC-BEB2-0E1F2CBC92B0}
		{B4E235D4-1BAB-4A2A-8C5F-C2955385D38D} = {149862AF-FD56-4EAC-BEB2-0E1F2CBC92B0}
		{264A3453-F443-48E0-87E1-584EE5821E93} = {149862AF-FD56-4EAC-BEB2-0E1F2CBC92B0}
		{19D4BDD0-D044-46F7-AA6F-2277E7E6273D} = {149862AF-FD56-4EAC-BEB2-0E1F2CBC92B0}
		{7D331A05-015E-4AF9-9723-E944D305134C} = {149862AF-FD56-4EAC-BEB2-0E1F2CBC92B0}
		{62B3624D-CE44-4DC0-AA51-5E61F5CDBF53} = {665A739B-68CE-4288-932B-F5057F3CC3DB}
		{4F970918-468C-45F3-90E1-C19350BD6CD3} = {665A739B-68CE-4288-932B-F5057F3CC3DB}
		{DAF8305F-D6A3-4A43-AAAF-12A9321E1CC5} = {4F970918-468C-45F3-90E1-C19350BD6CD3}
		{4282B02C-B280-4F31-82BC-E2BD9003CE4B} = {DAF8305F-D6A3-4A43-AAAF-12A9321E1CC5}
		{9E9780BC-3599-48E1-B724-3C27E99B0FB3} = {4F970918-468C-45F3-90E1-C19350BD6CD3}
		{B92758D1-88FC-4C4C-BAFF-0BB3FD522C79} = {9E9780BC-3599-48E1-B724-3C27E99B0FB3}
		{39D9AF57-6EC3-4F99-BA23-F70FF2DF43A6} = {9E9780BC-3599-48E1-B724-3C27E99B0FB3}
		{4B2ADE7B-4A0E-467D-9D0A-39828ADF1D5A} = {9E9780BC-3599-48E1-B724-3C27E99B0FB3}
		{44341CB5-5F81-47D9-80C8-E4FDE35E9CAD} = {9E9780BC-3599-48E1-B724-3C27E99B0FB3}
		{9A1B0DCF-D1D3-410D-90B0-8CB8007CE67A} = {9E9780BC-3599-48E1-B724-3C27E99B0FB3}
		{FF649025-5407-4DA5-B791-0D0E96BE9BE6} = {4F970918-468C-45F3-90E1-C19350BD6CD3}
		{2C7982CC-E306-40D8-B982-799C1A01AEA9} = {665A739B-68CE-4288-932B-F5057F3CC3DB}
		{8C3234ED-D4E0-4C0C-9DF9-BEBBC1D41A36} = {2C7982CC-E306-40D8-B982-799C1A01AEA9}
		{5D605A8D-8D91-4F2F-8B32-E98A8E0FC87E} = {D4EC40CD-EB0D-44F6-A805-32D9F03F25DE}
		{8DF9FDB0-8586-4BD2-B795-6DA465C40BF9} = {D4EC40CD-EB0D-44F6-A805-32D9F03F25DE}
		{872E1F20-BEBA-4F20-935B-0062133349F8} = {D4EC40CD-EB0D-44F6-A805-32D9F03F25DE}
		{EC83EA86-E2B4-4E92-8CE8-21543E416ED8} = {D4EC40CD-EB0D-44F6-A805-32D9F03F25DE}
		{5EC045E1-AA64-48D7-8F4C-9EA69BFD45F2} = {D4EC40CD-EB0D-44F6-A805-32D9F03F25DE}
		{5A6E98A5-4D2E-4A78-A92A-E22043AE5145} = {D4EC40CD-EB0D-44F6-A805-32D9F03F25DE}
		{76F1A1C1-1FF2-44A2-B250-78FCE02F22E0} = {D4EC40CD-EB0D-44F6-A805-32D9F03F25DE}
		{F8253358-D858-46AB-BB02-60C2684FF081} = {D4EC40CD-EB0D-44F6-A805-32D9F03F25DE}
		{BE0E0234-EF39-4211-A14B-506B188FD815} = {D4EC40CD-EB0D-44F6-A805-32D9F03F25DE}
		{3CD28C89-F57E-4FD6-9D74-C672F000D2E2} = {D4EC40CD-EB0D-44F6-A805-32D9F03F25DE}
		{224D7A6F-8F6B-4D10-8B2D-B085F1CF0D66} = {D4EC40CD-EB0D-44F6-A805-32D9F03F25DE}
		{D4EC40CD-EB0D-44F6-A805-32D9F03F25DE} = {CF40E388-E699-4E44-B6AF-9CF66E15B555}
		{FDD26D3E-E766-4AFB-AAD5-E4A0280D0CDE} = {CF40E388-E699-4E44-B6AF-9CF66E15B555}
		{3FA634B6-C9A4-44AB-93A7-EB9A534210E0} = {FDD26D3E-E766-4AFB-AAD5-E4A0280D0CDE}
		{3B03D8CD-9D25-4A22-9B20-027F77738C60} = {3FA634B6-C9A4-44AB-93A7-EB9A534210E0}
		{E057D52F-97AB-45D0-A3F6-B3F191E9692F} = {FDD26D3E-E766-4AFB-AAD5-E4A0280D0CDE}
		{7020F223-FCBD-4C10-A4C6-1D8B8EEC6671} = {E057D52F-97AB-45D0-A3F6-B3F191E9692F}
		{A02C91A2-DEAE-4E7A-899D-3193A233FCB5} = {FDD26D3E-E766-4AFB-AAD5-E4A0280D0CDE}
		{7F3FC432-6236-4D27-B058-6C0CDB1B1E1C} = {A02C91A2-DEAE-4E7A-899D-3193A233FCB5}
		{D9CC4FD6-D620-4201-AD16-28C412DE92B2} = {FDD26D3E-E766-4AFB-AAD5-E4A0280D0CDE}
		{221D20F4-632D-4CD9-B25C-C5129E730A00} = {D9CC4FD6-D620-4201-AD16-28C412DE92B2}
		{28FB0A5E-E5D6-446C-AFD5-0F4103722217} = {FDD26D3E-E766-4AFB-AAD5-E4A0280D0CDE}
		{07D5AB84-0F01-4F07-B3D3-05757F6C1475} = {28FB0A5E-E5D6-446C-AFD5-0F4103722217}
	EndGlobalSection
	GlobalSection(ExtensibilityGlobals) = postSolution
		SolutionGuid = {0CF49382-092A-4027-8546-0283784F7F1B}
	EndGlobalSection
EndGlobal
